
Microsoft Visual Studio Solution File, Format Version 12.00
# Visual Studio 15
VisualStudioVersion = 15.0.27130.2026
MinimumVisualStudioVersion = 10.0.40219.1
Project("{FAE04EC0-301F-11D3-BF4B-00C04F79EFBC}") = "Tubular", "Tubular\Tubular.csproj", "{63D28D84-D9B1-4CF2-8A22-C865E82D7ECD}"
EndProject
Global
	GlobalSection(SolutionConfigurationPlatforms) = preSolution
		Debug|Any CPU = Debug|Any CPU
		Release|Any CPU = Release|Any CPU
	EndGlobalSection
	GlobalSection(ProjectConfigurationPlatforms) = postSolution
		{63D28D84-D9B1-4CF2-8A22-C865E82D7ECD}.Debug|Any CPU.ActiveCfg = Debug|Any CPU
		{63D28D84-D9B1-4CF2-8A22-C865E82D7ECD}.Debug|Any CPU.Build.0 = Debug|Any CPU
		{63D28D84-D9B1-4CF2-8A22-C865E82D7ECD}.Release|Any CPU.ActiveCfg = Release|Any CPU
		{63D28D84-D9B1-4CF2-8A22-C865E82D7ECD}.Release|Any CPU.Build.0 = Release|Any CPU
	EndGlobalSection
	GlobalSection(SolutionProperties) = preSolution
		HideSolutionNode = FALSE
	EndGlobalSection
	GlobalSection(ExtensibilityGlobals) = postSolution
		SolutionGuid = {1CA99F21-D747-48B2-A462-2C4734B11EC1}
	EndGlobalSection
EndGlobal
